# This file is automatically @generated by Cargo.
# It is not intended for manual editing.
[[package]]
name = "turingarena-autoio"
version = "0.1.0"

[[package]]
name = "turingarena-batch"
version = "0.1.0"

[[package]]
name = "turingarena-bios"
version = "0.1.0"

[[package]]
name = "turingarena-contest"
version = "0.1.0"

[[package]]
name = "turingarena-dce"
version = "0.1.0"

[[package]]
name = "turingarena-diff"
version = "0.1.0"

[[package]]
name = "turingarena-ev"
version = "0.1.0"

[[package]]
name = "turingarena-evr"
version = "0.1.0"

[[package]]
name = "turingarena-feedback"
version = "0.1.0"

[[package]]
name = "turingarena-make"
version = "0.1.0"

[[package]]
name = "turingarena-ppf"
version = "0.1.0"

[[package]]
name = "turingarena-ps"
version = "0.1.0"

[[package]]
name = "turingarena-rusage"
version = "0.1.0"

[[package]]
name = "turingarena-score"
version = "0.1.0"

[[package]]
name = "turingarena-submission"
version = "0.1.0"

