# This file is automatically @generated by Cargo.
# It is not intended for manual editing.
[[package]]
name = "turingarena_autoio"
version = "0.1.0"

[[package]]
name = "turingarena_batch"
version = "0.1.0"

[[package]]
name = "turingarena_bios"
version = "0.1.0"

[[package]]
name = "turingarena_contest"
version = "0.1.0"

[[package]]
name = "turingarena_dce"
version = "0.1.0"

[[package]]
name = "turingarena_diff"
version = "0.1.0"

[[package]]
name = "turingarena_ev"
version = "0.1.0"

[[package]]
name = "turingarena_evr"
version = "0.1.0"

[[package]]
name = "turingarena_feedback"
version = "0.1.0"

[[package]]
name = "turingarena_make"
version = "0.1.0"

[[package]]
name = "turingarena_ppf"
version = "0.1.0"

[[package]]
name = "turingarena_ps"
version = "0.1.0"

[[package]]
name = "turingarena_rusage"
version = "0.1.0"

[[package]]
name = "turingarena_score"
version = "0.1.0"

[[package]]
name = "turingarena_submission"
version = "0.1.0"

